
Microsoft Visual Studio Solution File, Format Version 12.00
# Visual Studio Version 16
VisualStudioVersion = 16.0.31702.278
MinimumVisualStudioVersion = 10.0.40219.1
Project("{FAE04EC0-301F-11D3-BF4B-00C04F79EFBC}") = "Task05-XAMP-Controls", "Task05-XAMP-Controls\Task05-XAMP-Controls.csproj", "{0476AED0-BB32-42B1-ACAE-506015385160}"
EndProject
Project("{FAE04EC0-301F-11D3-BF4B-00C04F79EFBC}") = "Task05-U25", "Task05-U25\Task05-U25.csproj", "{19A14EE9-FA12-431E-82EB-A514B21667AC}"
EndProject
Project("{FAE04EC0-301F-11D3-BF4B-00C04F79EFBC}") = "Task05-U26", "Task05-U26\Task05-U26.csproj", "{5658D3B8-1FF1-474C-9BBB-6BDE321D9AAA}"
EndProject
Project("{FAE04EC0-301F-11D3-BF4B-00C04F79EFBC}") = "Task05-U27", "Task05-U27\Task05-U27.csproj", "{8F4F11E0-B682-4F68-B4FB-D7EDAD818E28}"
EndProject
Project("{FAE04EC0-301F-11D3-BF4B-00C04F79EFBC}") = "Task05-U28", "Task05-U28\Task05-U28.csproj", "{48D7EE0C-E417-4D1E-9756-C45007C83485}"
EndProject
Project("{FAE04EC0-301F-11D3-BF4B-00C04F79EFBC}") = "Task05--U29", "Task05--U29\Task05--U29.csproj", "{97288528-9F03-4DEC-838E-ED759E92572A}"
EndProject
Global
	GlobalSection(SolutionConfigurationPlatforms) = preSolution
		Debug|ARM = Debug|ARM
		Debug|ARM64 = Debug|ARM64
		Debug|x64 = Debug|x64
		Debug|x86 = Debug|x86
		Release|ARM = Release|ARM
		Release|ARM64 = Release|ARM64
		Release|x64 = Release|x64
		Release|x86 = Release|x86
	EndGlobalSection
	GlobalSection(ProjectConfigurationPlatforms) = postSolution
		{0476AED0-BB32-42B1-ACAE-506015385160}.Debug|ARM.ActiveCfg = Debug|ARM
		{0476AED0-BB32-42B1-ACAE-506015385160}.Debug|ARM.Build.0 = Debug|ARM
		{0476AED0-BB32-42B1-ACAE-506015385160}.Debug|ARM.Deploy.0 = Debug|ARM
		{0476AED0-BB32-42B1-ACAE-506015385160}.Debug|ARM64.ActiveCfg = Debug|ARM64
		{0476AED0-BB32-42B1-ACAE-506015385160}.Debug|ARM64.Build.0 = Debug|ARM64
		{0476AED0-BB32-42B1-ACAE-506015385160}.Debug|ARM64.Deploy.0 = Debug|ARM64
		{0476AED0-BB32-42B1-ACAE-506015385160}.Debug|x64.ActiveCfg = Debug|x64
		{0476AED0-BB32-42B1-ACAE-506015385160}.Debug|x64.Build.0 = Debug|x64
		{0476AED0-BB32-42B1-ACAE-506015385160}.Debug|x64.Deploy.0 = Debug|x64
		{0476AED0-BB32-42B1-ACAE-506015385160}.Debug|x86.ActiveCfg = Debug|x86
		{0476AED0-BB32-42B1-ACAE-506015385160}.Debug|x86.Build.0 = Debug|x86
		{0476AED0-BB32-42B1-ACAE-506015385160}.Debug|x86.Deploy.0 = Debug|x86
		{0476AED0-BB32-42B1-ACAE-506015385160}.Release|ARM.ActiveCfg = Release|ARM
		{0476AED0-BB32-42B1-ACAE-506015385160}.Release|ARM.Build.0 = Release|ARM
		{0476AED0-BB32-42B1-ACAE-506015385160}.Release|ARM.Deploy.0 = Release|ARM
		{0476AED0-BB32-42B1-ACAE-506015385160}.Release|ARM64.ActiveCfg = Release|ARM64
		{0476AED0-BB32-42B1-ACAE-506015385160}.Release|ARM64.Build.0 = Release|ARM64
		{0476AED0-BB32-42B1-ACAE-506015385160}.Release|ARM64.Deploy.0 = Release|ARM64
		{0476AED0-BB32-42B1-ACAE-506015385160}.Release|x64.ActiveCfg = Release|x64
		{0476AED0-BB32-42B1-ACAE-506015385160}.Release|x64.Build.0 = Release|x64
		{0476AED0-BB32-42B1-ACAE-506015385160}.Release|x64.Deploy.0 = Release|x64
		{0476AED0-BB32-42B1-ACAE-506015385160}.Release|x86.ActiveCfg = Release|x86
		{0476AED0-BB32-42B1-ACAE-506015385160}.Release|x86.Build.0 = Release|x86
		{0476AED0-BB32-42B1-ACAE-506015385160}.Release|x86.Deploy.0 = Release|x86
		{19A14EE9-FA12-431E-82EB-A514B21667AC}.Debug|ARM.ActiveCfg = Debug|ARM
		{19A14EE9-FA12-431E-82EB-A514B21667AC}.Debug|ARM.Build.0 = Debug|ARM
		{19A14EE9-FA12-431E-82EB-A514B21667AC}.Debug|ARM.Deploy.0 = Debug|ARM
		{19A14EE9-FA12-431E-82EB-A514B21667AC}.Debug|ARM64.ActiveCfg = Debug|ARM64
		{19A14EE9-FA12-431E-82EB-A514B21667AC}.Debug|ARM64.Build.0 = Debug|ARM64
		{19A14EE9-FA12-431E-82EB-A514B21667AC}.Debug|ARM64.Deploy.0 = Debug|ARM64
		{19A14EE9-FA12-431E-82EB-A514B21667AC}.Debug|x64.ActiveCfg = Debug|x64
		{19A14EE9-FA12-431E-82EB-A514B21667AC}.Debug|x64.Build.0 = Debug|x64
		{19A14EE9-FA12-431E-82EB-A514B21667AC}.Debug|x64.Deploy.0 = Debug|x64
		{19A14EE9-FA12-431E-82EB-A514B21667AC}.Debug|x86.ActiveCfg = Debug|x86
		{19A14EE9-FA12-431E-82EB-A514B21667AC}.Debug|x86.Build.0 = Debug|x86
		{19A14EE9-FA12-431E-82EB-A514B21667AC}.Debug|x86.Deploy.0 = Debug|x86
		{19A14EE9-FA12-431E-82EB-A514B21667AC}.Release|ARM.ActiveCfg = Release|ARM
		{19A14EE9-FA12-431E-82EB-A514B21667AC}.Release|ARM.Build.0 = Release|ARM
		{19A14EE9-FA12-431E-82EB-A514B21667AC}.Release|ARM.Deploy.0 = Release|ARM
		{19A14EE9-FA12-431E-82EB-A514B21667AC}.Release|ARM64.ActiveCfg = Release|ARM64
		{19A14EE9-FA12-431E-82EB-A514B21667AC}.Release|ARM64.Build.0 = Release|ARM64
		{19A14EE9-FA12-431E-82EB-A514B21667AC}.Release|ARM64.Deploy.0 = Release|ARM64
		{19A14EE9-FA12-431E-82EB-A514B21667AC}.Release|x64.ActiveCfg = Release|x64
		{19A14EE9-FA12-431E-82EB-A514B21667AC}.Release|x64.Build.0 = Release|x64
		{19A14EE9-FA12-431E-82EB-A514B21667AC}.Release|x64.Deploy.0 = Release|x64
		{19A14EE9-FA12-431E-82EB-A514B21667AC}.Release|x86.ActiveCfg = Release|x86
		{19A14EE9-FA12-431E-82EB-A514B21667AC}.Release|x86.Build.0 = Release|x86
		{19A14EE9-FA12-431E-82EB-A514B21667AC}.Release|x86.Deploy.0 = Release|x86
		{5658D3B8-1FF1-474C-9BBB-6BDE321D9AAA}.Debug|ARM.ActiveCfg = Debug|ARM
		{5658D3B8-1FF1-474C-9BBB-6BDE321D9AAA}.Debug|ARM.Build.0 = Debug|ARM
		{5658D3B8-1FF1-474C-9BBB-6BDE321D9AAA}.Debug|ARM.Deploy.0 = Debug|ARM
		{5658D3B8-1FF1-474C-9BBB-6BDE321D9AAA}.Debug|ARM64.ActiveCfg = Debug|ARM64
		{5658D3B8-1FF1-474C-9BBB-6BDE321D9AAA}.Debug|ARM64.Build.0 = Debug|ARM64
		{5658D3B8-1FF1-474C-9BBB-6BDE321D9AAA}.Debug|ARM64.Deploy.0 = Debug|ARM64
		{5658D3B8-1FF1-474C-9BBB-6BDE321D9AAA}.Debug|x64.ActiveCfg = Debug|x64
		{5658D3B8-1FF1-474C-9BBB-6BDE321D9AAA}.Debug|x64.Build.0 = Debug|x64
		{5658D3B8-1FF1-474C-9BBB-6BDE321D9AAA}.Debug|x64.Deploy.0 = Debug|x64
		{5658D3B8-1FF1-474C-9BBB-6BDE321D9AAA}.Debug|x86.ActiveCfg = Debug|x86
		{5658D3B8-1FF1-474C-9BBB-6BDE321D9AAA}.Debug|x86.Build.0 = Debug|x86
		{5658D3B8-1FF1-474C-9BBB-6BDE321D9AAA}.Debug|x86.Deploy.0 = Debug|x86
		{5658D3B8-1FF1-474C-9BBB-6BDE321D9AAA}.Release|ARM.ActiveCfg = Release|ARM
		{5658D3B8-1FF1-474C-9BBB-6BDE321D9AAA}.Release|ARM.Build.0 = Release|ARM
		{5658D3B8-1FF1-474C-9BBB-6BDE321D9AAA}.Release|ARM.Deploy.0 = Release|ARM
		{5658D3B8-1FF1-474C-9BBB-6BDE321D9AAA}.Release|ARM64.ActiveCfg = Release|ARM64
		{5658D3B8-1FF1-474C-9BBB-6BDE321D9AAA}.Release|ARM64.Build.0 = Release|ARM64
		{5658D3B8-1FF1-474C-9BBB-6BDE321D9AAA}.Release|ARM64.Deploy.0 = Release|ARM64
		{5658D3B8-1FF1-474C-9BBB-6BDE321D9AAA}.Release|x64.ActiveCfg = Release|x64
		{5658D3B8-1FF1-474C-9BBB-6BDE321D9AAA}.Release|x64.Build.0 = Release|x64
		{5658D3B8-1FF1-474C-9BBB-6BDE321D9AAA}.Release|x64.Deploy.0 = Release|x64
		{5658D3B8-1FF1-474C-9BBB-6BDE321D9AAA}.Release|x86.ActiveCfg = Release|x86
		{5658D3B8-1FF1-474C-9BBB-6BDE321D9AAA}.Release|x86.Build.0 = Release|x86
		{5658D3B8-1FF1-474C-9BBB-6BDE321D9AAA}.Release|x86.Deploy.0 = Release|x86
		{8F4F11E0-B682-4F68-B4FB-D7EDAD818E28}.Debug|ARM.ActiveCfg = Debug|ARM
		{8F4F11E0-B682-4F68-B4FB-D7EDAD818E28}.Debug|ARM.Build.0 = Debug|ARM
		{8F4F11E0-B682-4F68-B4FB-D7EDAD818E28}.Debug|ARM.Deploy.0 = Debug|ARM
		{8F4F11E0-B682-4F68-B4FB-D7EDAD818E28}.Debug|ARM64.ActiveCfg = Debug|ARM64
		{8F4F11E0-B682-4F68-B4FB-D7EDAD818E28}.Debug|ARM64.Build.0 = Debug|ARM64
		{8F4F11E0-B682-4F68-B4FB-D7EDAD818E28}.Debug|ARM64.Deploy.0 = Debug|ARM64
		{8F4F11E0-B682-4F68-B4FB-D7EDAD818E28}.Debug|x64.ActiveCfg = Debug|x64
		{8F4F11E0-B682-4F68-B4FB-D7EDAD818E28}.Debug|x64.Build.0 = Debug|x64
		{8F4F11E0-B682-4F68-B4FB-D7EDAD818E28}.Debug|x64.Deploy.0 = Debug|x64
		{8F4F11E0-B682-4F68-B4FB-D7EDAD818E28}.Debug|x86.ActiveCfg = Debug|x86
		{8F4F11E0-B682-4F68-B4FB-D7EDAD818E28}.Debug|x86.Build.0 = Debug|x86
		{8F4F11E0-B682-4F68-B4FB-D7EDAD818E28}.Debug|x86.Deploy.0 = Debug|x86
		{8F4F11E0-B682-4F68-B4FB-D7EDAD818E28}.Release|ARM.ActiveCfg = Release|ARM
		{8F4F11E0-B682-4F68-B4FB-D7EDAD818E28}.Release|ARM.Build.0 = Release|ARM
		{8F4F11E0-B682-4F68-B4FB-D7EDAD818E28}.Release|ARM.Deploy.0 = Release|ARM
		{8F4F11E0-B682-4F68-B4FB-D7EDAD818E28}.Release|ARM64.ActiveCfg = Release|ARM64
		{8F4F11E0-B682-4F68-B4FB-D7EDAD818E28}.Release|ARM64.Build.0 = Release|ARM64
		{8F4F11E0-B682-4F68-B4FB-D7EDAD818E28}.Release|ARM64.Deploy.0 = Release|ARM64
		{8F4F11E0-B682-4F68-B4FB-D7EDAD818E28}.Release|x64.ActiveCfg = Release|x64
		{8F4F11E0-B682-4F68-B4FB-D7EDAD818E28}.Release|x64.Build.0 = Release|x64
		{8F4F11E0-B682-4F68-B4FB-D7EDAD818E28}.Release|x64.Deploy.0 = Release|x64
		{8F4F11E0-B682-4F68-B4FB-D7EDAD818E28}.Release|x86.ActiveCfg = Release|x86
		{8F4F11E0-B682-4F68-B4FB-D7EDAD818E28}.Release|x86.Build.0 = Release|x86
		{8F4F11E0-B682-4F68-B4FB-D7EDAD818E28}.Release|x86.Deploy.0 = Release|x86
		{48D7EE0C-E417-4D1E-9756-C45007C83485}.Debug|ARM.ActiveCfg = Debug|ARM
		{48D7EE0C-E417-4D1E-9756-C45007C83485}.Debug|ARM.Build.0 = Debug|ARM
		{48D7EE0C-E417-4D1E-9756-C45007C83485}.Debug|ARM.Deploy.0 = Debug|ARM
		{48D7EE0C-E417-4D1E-9756-C45007C83485}.Debug|ARM64.ActiveCfg = Debug|ARM64
		{48D7EE0C-E417-4D1E-9756-C45007C83485}.Debug|ARM64.Build.0 = Debug|ARM64
		{48D7EE0C-E417-4D1E-9756-C45007C83485}.Debug|ARM64.Deploy.0 = Debug|ARM64
		{48D7EE0C-E417-4D1E-9756-C45007C83485}.Debug|x64.ActiveCfg = Debug|x64
		{48D7EE0C-E417-4D1E-9756-C45007C83485}.Debug|x64.Build.0 = Debug|x64
		{48D7EE0C-E417-4D1E-9756-C45007C83485}.Debug|x64.Deploy.0 = Debug|x64
		{48D7EE0C-E417-4D1E-9756-C45007C83485}.Debug|x86.ActiveCfg = Debug|x86
		{48D7EE0C-E417-4D1E-9756-C45007C83485}.Debug|x86.Build.0 = Debug|x86
		{48D7EE0C-E417-4D1E-9756-C45007C83485}.Debug|x86.Deploy.0 = Debug|x86
		{48D7EE0C-E417-4D1E-9756-C45007C83485}.Release|ARM.ActiveCfg = Release|ARM
		{48D7EE0C-E417-4D1E-9756-C45007C83485}.Release|ARM.Build.0 = Release|ARM
		{48D7EE0C-E417-4D1E-9756-C45007C83485}.Release|ARM.Deploy.0 = Release|ARM
		{48D7EE0C-E417-4D1E-9756-C45007C83485}.Release|ARM64.ActiveCfg = Release|ARM64
		{48D7EE0C-E417-4D1E-9756-C45007C83485}.Release|ARM64.Build.0 = Release|ARM64
		{48D7EE0C-E417-4D1E-9756-C45007C83485}.Release|ARM64.Deploy.0 = Release|ARM64
		{48D7EE0C-E417-4D1E-9756-C45007C83485}.Release|x64.ActiveCfg = Release|x64
		{48D7EE0C-E417-4D1E-9756-C45007C83485}.Release|x64.Build.0 = Release|x64
		{48D7EE0C-E417-4D1E-9756-C45007C83485}.Release|x64.Deploy.0 = Release|x64
		{48D7EE0C-E417-4D1E-9756-C45007C83485}.Release|x86.ActiveCfg = Release|x86
		{48D7EE0C-E417-4D1E-9756-C45007C83485}.Release|x86.Build.0 = Release|x86
		{48D7EE0C-E417-4D1E-9756-C45007C83485}.Release|x86.Deploy.0 = Release|x86
		{97288528-9F03-4DEC-838E-ED759E92572A}.Debug|ARM.ActiveCfg = Debug|ARM
		{97288528-9F03-4DEC-838E-ED759E92572A}.Debug|ARM.Build.0 = Debug|ARM
		{97288528-9F03-4DEC-838E-ED759E92572A}.Debug|ARM.Deploy.0 = Debug|ARM
		{97288528-9F03-4DEC-838E-ED759E92572A}.Debug|ARM64.ActiveCfg = Debug|ARM64
		{97288528-9F03-4DEC-838E-ED759E92572A}.Debug|ARM64.Build.0 = Debug|ARM64
		{97288528-9F03-4DEC-838E-ED759E92572A}.Debug|ARM64.Deploy.0 = Debug|ARM64
		{97288528-9F03-4DEC-838E-ED759E92572A}.Debug|x64.ActiveCfg = Debug|x64
		{97288528-9F03-4DEC-838E-ED759E92572A}.Debug|x64.Build.0 = Debug|x64
		{97288528-9F03-4DEC-838E-ED759E92572A}.Debug|x64.Deploy.0 = Debug|x64
		{97288528-9F03-4DEC-838E-ED759E92572A}.Debug|x86.ActiveCfg = Debug|x86
		{97288528-9F03-4DEC-838E-ED759E92572A}.Debug|x86.Build.0 = Debug|x86
		{97288528-9F03-4DEC-838E-ED759E92572A}.Debug|x86.Deploy.0 = Debug|x86
		{97288528-9F03-4DEC-838E-ED759E92572A}.Release|ARM.ActiveCfg = Release|ARM
		{97288528-9F03-4DEC-838E-ED759E92572A}.Release|ARM.Build.0 = Release|ARM
		{97288528-9F03-4DEC-838E-ED759E92572A}.Release|ARM.Deploy.0 = Release|ARM
		{97288528-9F03-4DEC-838E-ED759E92572A}.Release|ARM64.ActiveCfg = Release|ARM64
		{97288528-9F03-4DEC-838E-ED759E92572A}.Release|ARM64.Build.0 = Release|ARM64
		{97288528-9F03-4DEC-838E-ED759E92572A}.Release|ARM64.Deploy.0 = Release|ARM64
		{97288528-9F03-4DEC-838E-ED759E92572A}.Release|x64.ActiveCfg = Release|x64
		{97288528-9F03-4DEC-838E-ED759E92572A}.Release|x64.Build.0 = Release|x64
		{97288528-9F03-4DEC-838E-ED759E92572A}.Release|x64.Deploy.0 = Release|x64
		{97288528-9F03-4DEC-838E-ED759E92572A}.Release|x86.ActiveCfg = Release|x86
		{97288528-9F03-4DEC-838E-ED759E92572A}.Release|x86.Build.0 = Release|x86
		{97288528-9F03-4DEC-838E-ED759E92572A}.Release|x86.Deploy.0 = Release|x86
	EndGlobalSection
	GlobalSection(SolutionProperties) = preSolution
		HideSolutionNode = FALSE
	EndGlobalSection
	GlobalSection(ExtensibilityGlobals) = postSolution
		SolutionGuid = {260967F7-F1F0-47BE-8195-C4FF0854D13E}
	EndGlobalSection
EndGlobal
